
Microsoft Visual Studio Solution File, Format Version 12.00
# Visual Studio Version 17
VisualStudioVersion = 17.4.33122.133
MinimumVisualStudioVersion = 10.0.40219.1
Project("{FAE04EC0-301F-11D3-BF4B-00C04F79EFBC}") = "TestApplication", "TestApplication\TestApplication.csproj", "{4885D04E-FB84-4391-A66D-DDA81CC23512}"
EndProject
Global
	GlobalSection(SolutionConfigurationPlatforms) = preSolution
		Debug|Any CPU = Debug|Any CPU
		Release|Any CPU = Release|Any CPU
	EndGlobalSection
	GlobalSection(ProjectConfigurationPlatforms) = postSolution
		{4885D04E-FB84-4391-A66D-DDA81CC23512}.Debug|Any CPU.ActiveCfg = Debug|Any CPU
		{4885D04E-FB84-4391-A66D-DDA81CC23512}.Debug|Any CPU.Build.0 = Debug|Any CPU
		{4885D04E-FB84-4391-A66D-DDA81CC23512}.Release|Any CPU.ActiveCfg = Release|Any CPU
		{4885D04E-FB84-4391-A66D-DDA81CC23512}.Release|Any CPU.Build.0 = Release|Any CPU
	EndGlobalSection
	GlobalSection(SolutionProperties) = preSolution
		HideSolutionNode = FALSE
	EndGlobalSection
	GlobalSection(ExtensibilityGlobals) = postSolution
		SolutionGuid = {0D85A5DE-6EF2-46C1-91A2-427ABB672EDC}
	EndGlobalSection
EndGlobal
